<?xml version="1.0" encoding="utf-8"?>
<Project ToolsVersion="4.0" xmlns="http://schemas.microsoft.com/developer/msbuild/2003">
  <ItemGroup>
    <Filter Include="Source Files">
      <UniqueIdentifier>{adb064e0-b885-4877-bec8-4e691c88dbd8}</UniqueIdentifier>
      <Extensions>cpp;c;cxx;rc;def;r;odl;idl;hpj;bat</Extensions>
    </Filter>
    <Filter Include="Header Files">
      <UniqueIdentifier>{fe8fe3a9-6ef0-48f3-a772-b31f04979052}</UniqueIdentifier>
      <Extensions>h;hpp;hxx;hm;inl</Extensions>
    </Filter>
    <Filter Include="Resource Files">
      <UniqueIdentifier>{8c5aa59b-60c7-4680-800a-7aeca0ddbfc5}</UniqueIdentifier>
      <Extensions>ico;cur;bmp;dlg;rc2;rct;bin;rgs;gif;jpg;jpeg;jpe</Extensions>
    </Filter>
  </ItemGroup>
  <ItemGroup>
    <ClCompile Include="ListCtrl\FileListCtrl.cpp">
      <Filter>Source Files</Filter>
    </ClCompile>
    <ClCompile Include="IECache.cpp">
      <Filter>Source Files</Filter>
    </ClCompile>
    <ClCompile Include="IECacheCatcher.cpp">
      <Filter>Source Files</Filter>
    </ClCompile>
    <ClCompile Include="IECacheCatcherDlg.cpp">
      <Filter>Source Files</Filter>
    </ClCompile>
    <ClCompile Include="IECacheThread.cpp">
      <Filter>Source Files</Filter>
    </ClCompile>
    <ClCompile Include="ListCtrl\ReportCtrl.cpp">
      <Filter>Source Files</Filter>
    </ClCompile>
    <ClCompile Include="ResizingDialog.cpp">
      <Filter>Source Files</Filter>
    </ClCompile>
    <ClCompile Include="ShellUtil.cpp">
      <Filter>Source Files</Filter>
    </ClCompile>
    <ClCompile Include="StdAfx.cpp">
      <Filter>Source Files</Filter>
    </ClCompile>
    <ClCompile Include="SysUtil.cpp">
      <Filter>Source Files</Filter>
    </ClCompile>
    <ClCompile Include="Wildcard.cpp">
      <Filter>Source Files</Filter>
    </ClCompile>
  </ItemGroup>
  <ItemGroup>
    <ResourceCompile Include="IECacheCatcher.rc">
      <Filter>Source Files</Filter>
    </ResourceCompile>
  </ItemGroup>
  <ItemGroup>
    <ClInclude Include="ListCtrl\FileListCtrl.h">
      <Filter>Header Files</Filter>
    </ClInclude>
    <ClInclude Include="IECache.h">
      <Filter>Header Files</Filter>
    </ClInclude>
    <ClInclude Include="IECacheCatcher.h">
      <Filter>Header Files</Filter>
    </ClInclude>
    <ClInclude Include="IECacheCatcherDlg.h">
      <Filter>Header Files</Filter>
    </ClInclude>
    <ClInclude Include="IECacheThread.h">
      <Filter>Header Files</Filter>
    </ClInclude>
    <ClInclude Include="ListCtrl\ReportCtrl.h">
      <Filter>Header Files</Filter>
    </ClInclude>
    <ClInclude Include="ResizingDialog.h">
      <Filter>Header Files</Filter>
    </ClInclude>
    <ClInclude Include="Resource.h">
      <Filter>Header Files</Filter>
    </ClInclude>
    <ClInclude Include="ShellUtil.h">
      <Filter>Header Files</Filter>
    </ClInclude>
    <ClInclude Include="StdAfx.h">
      <Filter>Header Files</Filter>
    </ClInclude>
    <ClInclude Include="SysUtil.h">
      <Filter>Header Files</Filter>
    </ClInclude>
    <ClInclude Include="Wildcard.h">
      <Filter>Header Files</Filter>
    </ClInclude>
  </ItemGroup>
  <ItemGroup>
    <Manifest Include="res\Master.manifest" />
  </ItemGroup>
  <ItemGroup>
    <CustomBuild Include="res\IECacheCatcher.ico">
      <Filter>Resource Files</Filter>
    </CustomBuild>
    <CustomBuild Include="res\IECacheCatcher.rc2">
      <Filter>Resource Files</Filter>
    </CustomBuild>
    <CustomBuild Include="ReadMe.txt" />
  </ItemGroup>
</Project>